
Microsoft Visual Studio Solution File, Format Version 12.00
# Visual Studio Version 17
VisualStudioVersion = 17.8.34525.116
MinimumVisualStudioVersion = 10.0.40219.1
Project("{9A19103F-16F7-4668-BE54-9A1E7A4F7556}") = "TaxScheduleWorker", "src\TaxScheduleWorker\TaxScheduleWorker.csproj", "{B7ECBD1A-8819-4585-9333-B5A5D48FC5DE}"
EndProject
Project("{2150E333-8FDC-42A3-9474-1A3956D46DE8}") = "src", "src", "{8392B678-0E60-462A-BCF8-225ECC20D655}"
EndProject
Project("{2150E333-8FDC-42A3-9474-1A3956D46DE8}") = "1 - Workers", "1 - Workers", "{868F2037-8296-4F8B-A67F-D54BC56735A3}"
EndProject
Project("{2150E333-8FDC-42A3-9474-1A3956D46DE8}") = "2 - Application", "2 - Application", "{9B4AA706-DC62-417C-96B2-0618D20C6EED}"
EndProject
Project("{FAE04EC0-301F-11D3-BF4B-00C04F79EFBC}") = "Application", "src\Application\Application.csproj", "{3E3F3CD3-007B-487D-84A5-DCE7CA9F2DBE}"
EndProject
Project("{2150E333-8FDC-42A3-9474-1A3956D46DE8}") = "3 - Infrastructure", "3 - Infrastructure", "{49789038-6691-44D8-AF6C-8AD576DA3050}"
EndProject
Project("{FAE04EC0-301F-11D3-BF4B-00C04F79EFBC}") = "Infrastructure.SqlServer", "src\Infrastructure.SqlServer\Infrastructure.SqlServer.csproj", "{6E4ACCDB-2841-4C05-9C95-EC2A642C0AE8}"
EndProject
Project("{2150E333-8FDC-42A3-9474-1A3956D46DE8}") = "4 - Domain", "4 - Domain", "{2661FDFA-0D87-489E-A471-DE2700DB9FB4}"
EndProject
Project("{FAE04EC0-301F-11D3-BF4B-00C04F79EFBC}") = "Domain", "src\Domain\Domain.csproj", "{054BBDD3-1320-4AE3-9766-8295F6C0D773}"
EndProject
Project("{2150E333-8FDC-42A3-9474-1A3956D46DE8}") = "tests", "tests", "{654FF5AE-ADED-494D-85D0-F403BE60E732}"
EndProject
Project("{FAE04EC0-301F-11D3-BF4B-00C04F79EFBC}") = "UnitTests", "tests\UnitTests\UnitTests.csproj", "{BDC0CA5F-744F-4842-ABBC-A1D287B5EDE3}"
EndProject
Global
	GlobalSection(SolutionConfigurationPlatforms) = preSolution
		Debug|Any CPU = Debug|Any CPU
		Release|Any CPU = Release|Any CPU
	EndGlobalSection
	GlobalSection(ProjectConfigurationPlatforms) = postSolution
		{B7ECBD1A-8819-4585-9333-B5A5D48FC5DE}.Debug|Any CPU.ActiveCfg = Debug|Any CPU
		{B7ECBD1A-8819-4585-9333-B5A5D48FC5DE}.Debug|Any CPU.Build.0 = Debug|Any CPU
		{B7ECBD1A-8819-4585-9333-B5A5D48FC5DE}.Release|Any CPU.ActiveCfg = Release|Any CPU
		{B7ECBD1A-8819-4585-9333-B5A5D48FC5DE}.Release|Any CPU.Build.0 = Release|Any CPU
		{3E3F3CD3-007B-487D-84A5-DCE7CA9F2DBE}.Debug|Any CPU.ActiveCfg = Debug|Any CPU
		{3E3F3CD3-007B-487D-84A5-DCE7CA9F2DBE}.Debug|Any CPU.Build.0 = Debug|Any CPU
		{3E3F3CD3-007B-487D-84A5-DCE7CA9F2DBE}.Release|Any CPU.ActiveCfg = Release|Any CPU
		{3E3F3CD3-007B-487D-84A5-DCE7CA9F2DBE}.Release|Any CPU.Build.0 = Release|Any CPU
		{6E4ACCDB-2841-4C05-9C95-EC2A642C0AE8}.Debug|Any CPU.ActiveCfg = Debug|Any CPU
		{6E4ACCDB-2841-4C05-9C95-EC2A642C0AE8}.Debug|Any CPU.Build.0 = Debug|Any CPU
		{6E4ACCDB-2841-4C05-9C95-EC2A642C0AE8}.Release|Any CPU.ActiveCfg = Release|Any CPU
		{6E4ACCDB-2841-4C05-9C95-EC2A642C0AE8}.Release|Any CPU.Build.0 = Release|Any CPU
		{054BBDD3-1320-4AE3-9766-8295F6C0D773}.Debug|Any CPU.ActiveCfg = Debug|Any CPU
		{054BBDD3-1320-4AE3-9766-8295F6C0D773}.Debug|Any CPU.Build.0 = Debug|Any CPU
		{054BBDD3-1320-4AE3-9766-8295F6C0D773}.Release|Any CPU.ActiveCfg = Release|Any CPU
		{054BBDD3-1320-4AE3-9766-8295F6C0D773}.Release|Any CPU.Build.0 = Release|Any CPU
		{BDC0CA5F-744F-4842-ABBC-A1D287B5EDE3}.Debug|Any CPU.ActiveCfg = Debug|Any CPU
		{BDC0CA5F-744F-4842-ABBC-A1D287B5EDE3}.Debug|Any CPU.Build.0 = Debug|Any CPU
		{BDC0CA5F-744F-4842-ABBC-A1D287B5EDE3}.Release|Any CPU.ActiveCfg = Release|Any CPU
		{BDC0CA5F-744F-4842-ABBC-A1D287B5EDE3}.Release|Any CPU.Build.0 = Release|Any CPU
	EndGlobalSection
	GlobalSection(SolutionProperties) = preSolution
		HideSolutionNode = FALSE
	EndGlobalSection
	GlobalSection(NestedProjects) = preSolution
		{B7ECBD1A-8819-4585-9333-B5A5D48FC5DE} = {868F2037-8296-4F8B-A67F-D54BC56735A3}
		{868F2037-8296-4F8B-A67F-D54BC56735A3} = {8392B678-0E60-462A-BCF8-225ECC20D655}
		{9B4AA706-DC62-417C-96B2-0618D20C6EED} = {8392B678-0E60-462A-BCF8-225ECC20D655}
		{3E3F3CD3-007B-487D-84A5-DCE7CA9F2DBE} = {9B4AA706-DC62-417C-96B2-0618D20C6EED}
		{49789038-6691-44D8-AF6C-8AD576DA3050} = {8392B678-0E60-462A-BCF8-225ECC20D655}
		{6E4ACCDB-2841-4C05-9C95-EC2A642C0AE8} = {49789038-6691-44D8-AF6C-8AD576DA3050}
		{2661FDFA-0D87-489E-A471-DE2700DB9FB4} = {8392B678-0E60-462A-BCF8-225ECC20D655}
		{054BBDD3-1320-4AE3-9766-8295F6C0D773} = {2661FDFA-0D87-489E-A471-DE2700DB9FB4}
		{BDC0CA5F-744F-4842-ABBC-A1D287B5EDE3} = {654FF5AE-ADED-494D-85D0-F403BE60E732}
	EndGlobalSection
	GlobalSection(ExtensibilityGlobals) = postSolution
		SolutionGuid = {E305D923-1F4C-4960-9B94-A0888D931822}
	EndGlobalSection
EndGlobal
